
Microsoft Visual Studio Solution File, Format Version 12.00
# Visual Studio Version 16
VisualStudioVersion = 16.0.32126.315
MinimumVisualStudioVersion = 10.0.40219.1
Project("{FAE04EC0-301F-11D3-BF4B-00C04F79EFBC}") = "30032022.2", "30032022.2\30032022.2.csproj", "{15EE3D31-221D-4654-A031-AA0820AE9CA0}"
EndProject
Project("{FAE04EC0-301F-11D3-BF4B-00C04F79EFBC}") = "ClassLibrary", "ClassLibrary\ClassLibrary.csproj", "{2D2AC49F-A266-4614-8C3F-0431A114EAB2}"
EndProject
Global
	GlobalSection(SolutionConfigurationPlatforms) = preSolution
		Debug|Any CPU = Debug|Any CPU
		Release|Any CPU = Release|Any CPU
	EndGlobalSection
	GlobalSection(ProjectConfigurationPlatforms) = postSolution
		{15EE3D31-221D-4654-A031-AA0820AE9CA0}.Debug|Any CPU.ActiveCfg = Debug|Any CPU
		{15EE3D31-221D-4654-A031-AA0820AE9CA0}.Debug|Any CPU.Build.0 = Debug|Any CPU
		{15EE3D31-221D-4654-A031-AA0820AE9CA0}.Release|Any CPU.ActiveCfg = Release|Any CPU
		{15EE3D31-221D-4654-A031-AA0820AE9CA0}.Release|Any CPU.Build.0 = Release|Any CPU
		{2D2AC49F-A266-4614-8C3F-0431A114EAB2}.Debug|Any CPU.ActiveCfg = Debug|Any CPU
		{2D2AC49F-A266-4614-8C3F-0431A114EAB2}.Debug|Any CPU.Build.0 = Debug|Any CPU
		{2D2AC49F-A266-4614-8C3F-0431A114EAB2}.Release|Any CPU.ActiveCfg = Release|Any CPU
		{2D2AC49F-A266-4614-8C3F-0431A114EAB2}.Release|Any CPU.Build.0 = Release|Any CPU
	EndGlobalSection
	GlobalSection(SolutionProperties) = preSolution
		HideSolutionNode = FALSE
	EndGlobalSection
	GlobalSection(ExtensibilityGlobals) = postSolution
		SolutionGuid = {72CFDEB5-73BF-4767-9328-F2952F32A01E}
	EndGlobalSection
EndGlobal
